
Microsoft Visual Studio Solution File, Format Version 12.00
# Visual Studio Version 17
VisualStudioVersion = 17.9.34723.18
MinimumVisualStudioVersion = 10.0.40219.1
Project("{9A19103F-16F7-4668-BE54-9A1E7A4F7556}") = "SocialNetworkingApp", "SocialNetworkingApp\SocialNetworkingApp.csproj", "{4C39719F-38A0-4A88-9D60-720FA6EEDDB6}"
EndProject
Project("{FAE04EC0-301F-11D3-BF4B-00C04F79EFBC}") = "SocialNetworkingApp.Tests", "SocialNetworkingApp.Tests\SocialNetworkingApp.Tests.csproj", "{D7CA4107-7431-4995-83AB-B33994F19E67}"
EndProject
Global
	GlobalSection(SolutionConfigurationPlatforms) = preSolution
		Debug|Any CPU = Debug|Any CPU
		Release|Any CPU = Release|Any CPU
	EndGlobalSection
	GlobalSection(ProjectConfigurationPlatforms) = postSolution
		{4C39719F-38A0-4A88-9D60-720FA6EEDDB6}.Debug|Any CPU.ActiveCfg = Debug|Any CPU
		{4C39719F-38A0-4A88-9D60-720FA6EEDDB6}.Debug|Any CPU.Build.0 = Debug|Any CPU
		{4C39719F-38A0-4A88-9D60-720FA6EEDDB6}.Release|Any CPU.ActiveCfg = Release|Any CPU
		{4C39719F-38A0-4A88-9D60-720FA6EEDDB6}.Release|Any CPU.Build.0 = Release|Any CPU
		{D7CA4107-7431-4995-83AB-B33994F19E67}.Debug|Any CPU.ActiveCfg = Debug|Any CPU
		{D7CA4107-7431-4995-83AB-B33994F19E67}.Debug|Any CPU.Build.0 = Debug|Any CPU
		{D7CA4107-7431-4995-83AB-B33994F19E67}.Release|Any CPU.ActiveCfg = Release|Any CPU
		{D7CA4107-7431-4995-83AB-B33994F19E67}.Release|Any CPU.Build.0 = Release|Any CPU
	EndGlobalSection
	GlobalSection(SolutionProperties) = preSolution
		HideSolutionNode = FALSE
	EndGlobalSection
	GlobalSection(ExtensibilityGlobals) = postSolution
		SolutionGuid = {DB750FB7-E672-4969-B238-E4C80755AAF8}
	EndGlobalSection
EndGlobal
